
Microsoft Visual Studio Solution File, Format Version 12.00
# Visual Studio Version 17
VisualStudioVersion = 17.5.33627.172
MinimumVisualStudioVersion = 10.0.40219.1
Project("{F184B08F-C81C-45F6-A57F-5ABD9991F28F}") = "FILE HANDLING", "FILE HANDLING.vbproj", "{80511CF9-9FDB-4C8D-9495-5628282249B9}"
EndProject
Global
	GlobalSection(SolutionConfigurationPlatforms) = preSolution
		Debug|Any CPU = Debug|Any CPU
		Release|Any CPU = Release|Any CPU
	EndGlobalSection
	GlobalSection(ProjectConfigurationPlatforms) = postSolution
		{80511CF9-9FDB-4C8D-9495-5628282249B9}.Debug|Any CPU.ActiveCfg = Debug|Any CPU
		{80511CF9-9FDB-4C8D-9495-5628282249B9}.Debug|Any CPU.Build.0 = Debug|Any CPU
		{80511CF9-9FDB-4C8D-9495-5628282249B9}.Release|Any CPU.ActiveCfg = Release|Any CPU
		{80511CF9-9FDB-4C8D-9495-5628282249B9}.Release|Any CPU.Build.0 = Release|Any CPU
	EndGlobalSection
	GlobalSection(SolutionProperties) = preSolution
		HideSolutionNode = FALSE
	EndGlobalSection
	GlobalSection(ExtensibilityGlobals) = postSolution
		SolutionGuid = {B531AAF8-E886-4DE9-A559-B3A64C587953}
	EndGlobalSection
EndGlobal
