
Microsoft Visual Studio Solution File, Format Version 12.00
# Visual Studio Version 17
VisualStudioVersion = 17.5.33627.172
MinimumVisualStudioVersion = 10.0.40219.1
Project("{F184B08F-C81C-45F6-A57F-5ABD9991F28F}") = "WinFormsApp2", "WinFormsApp2.vbproj", "{0FF263D9-9612-451A-BCC2-1E41A9DA4B6B}"
EndProject
Global
	GlobalSection(SolutionConfigurationPlatforms) = preSolution
		Debug|Any CPU = Debug|Any CPU
		Release|Any CPU = Release|Any CPU
	EndGlobalSection
	GlobalSection(ProjectConfigurationPlatforms) = postSolution
		{0FF263D9-9612-451A-BCC2-1E41A9DA4B6B}.Debug|Any CPU.ActiveCfg = Debug|Any CPU
		{0FF263D9-9612-451A-BCC2-1E41A9DA4B6B}.Debug|Any CPU.Build.0 = Debug|Any CPU
		{0FF263D9-9612-451A-BCC2-1E41A9DA4B6B}.Release|Any CPU.ActiveCfg = Release|Any CPU
		{0FF263D9-9612-451A-BCC2-1E41A9DA4B6B}.Release|Any CPU.Build.0 = Release|Any CPU
	EndGlobalSection
	GlobalSection(SolutionProperties) = preSolution
		HideSolutionNode = FALSE
	EndGlobalSection
	GlobalSection(ExtensibilityGlobals) = postSolution
		SolutionGuid = {84CA59AC-5854-44A0-B038-1AA905802D5A}
	EndGlobalSection
EndGlobal
