
Microsoft Visual Studio Solution File, Format Version 12.00
# Visual Studio Version 17
VisualStudioVersion = 17.5.33627.172
MinimumVisualStudioVersion = 10.0.40219.1
Project("{F184B08F-C81C-45F6-A57F-5ABD9991F28F}") = "ConditionalStatement", "ConditionalStatement.vbproj", "{174D7009-8C30-4812-AA3B-5D55A81BEB2B}"
EndProject
Global
	GlobalSection(SolutionConfigurationPlatforms) = preSolution
		Debug|Any CPU = Debug|Any CPU
		Release|Any CPU = Release|Any CPU
	EndGlobalSection
	GlobalSection(ProjectConfigurationPlatforms) = postSolution
		{174D7009-8C30-4812-AA3B-5D55A81BEB2B}.Debug|Any CPU.ActiveCfg = Debug|Any CPU
		{174D7009-8C30-4812-AA3B-5D55A81BEB2B}.Debug|Any CPU.Build.0 = Debug|Any CPU
		{174D7009-8C30-4812-AA3B-5D55A81BEB2B}.Release|Any CPU.ActiveCfg = Release|Any CPU
		{174D7009-8C30-4812-AA3B-5D55A81BEB2B}.Release|Any CPU.Build.0 = Release|Any CPU
	EndGlobalSection
	GlobalSection(SolutionProperties) = preSolution
		HideSolutionNode = FALSE
	EndGlobalSection
	GlobalSection(ExtensibilityGlobals) = postSolution
		SolutionGuid = {527800EE-4D2A-4FC1-90CF-7CDC2DB64DE1}
	EndGlobalSection
EndGlobal
