
Microsoft Visual Studio Solution File, Format Version 12.00
# Visual Studio Version 17
VisualStudioVersion = 17.5.33627.172
MinimumVisualStudioVersion = 10.0.40219.1
Project("{778DAE3C-4631-46EA-AA77-85C1314464D9}") = "HttpClient-WebClient", "HttpClient-WebClient.vbproj", "{4DA67FC0-5228-410B-A699-F41E3C460943}"
EndProject
Project("{F184B08F-C81C-45F6-A57F-5ABD9991F28F}") = "ConsoleApp1", "..\ConsoleApp1\ConsoleApp1.vbproj", "{876C2DB4-BF86-4F96-AF27-BF8069C9A09F}"
EndProject
Global
	GlobalSection(SolutionConfigurationPlatforms) = preSolution
		Debug|Any CPU = Debug|Any CPU
		Release|Any CPU = Release|Any CPU
	EndGlobalSection
	GlobalSection(ProjectConfigurationPlatforms) = postSolution
		{4DA67FC0-5228-410B-A699-F41E3C460943}.Debug|Any CPU.ActiveCfg = Debug|Any CPU
		{4DA67FC0-5228-410B-A699-F41E3C460943}.Debug|Any CPU.Build.0 = Debug|Any CPU
		{4DA67FC0-5228-410B-A699-F41E3C460943}.Release|Any CPU.ActiveCfg = Release|Any CPU
		{4DA67FC0-5228-410B-A699-F41E3C460943}.Release|Any CPU.Build.0 = Release|Any CPU
		{876C2DB4-BF86-4F96-AF27-BF8069C9A09F}.Debug|Any CPU.ActiveCfg = Debug|Any CPU
		{876C2DB4-BF86-4F96-AF27-BF8069C9A09F}.Debug|Any CPU.Build.0 = Debug|Any CPU
		{876C2DB4-BF86-4F96-AF27-BF8069C9A09F}.Release|Any CPU.ActiveCfg = Release|Any CPU
		{876C2DB4-BF86-4F96-AF27-BF8069C9A09F}.Release|Any CPU.Build.0 = Release|Any CPU
	EndGlobalSection
	GlobalSection(SolutionProperties) = preSolution
		HideSolutionNode = FALSE
	EndGlobalSection
	GlobalSection(ExtensibilityGlobals) = postSolution
		SolutionGuid = {0A65958F-7734-4D6C-B401-0F50F14A8B39}
	EndGlobalSection
EndGlobal
