
Microsoft Visual Studio Solution File, Format Version 12.00
# Visual Studio Version 17
VisualStudioVersion = 17.5.33627.172
MinimumVisualStudioVersion = 10.0.40219.1
Project("{F184B08F-C81C-45F6-A57F-5ABD9991F28F}") = "OOP", "OOP.vbproj", "{AF987380-DFBD-4180-B9F7-D1D7D2FCF0DA}"
EndProject
Global
	GlobalSection(SolutionConfigurationPlatforms) = preSolution
		Debug|Any CPU = Debug|Any CPU
		Release|Any CPU = Release|Any CPU
	EndGlobalSection
	GlobalSection(ProjectConfigurationPlatforms) = postSolution
		{AF987380-DFBD-4180-B9F7-D1D7D2FCF0DA}.Debug|Any CPU.ActiveCfg = Debug|Any CPU
		{AF987380-DFBD-4180-B9F7-D1D7D2FCF0DA}.Debug|Any CPU.Build.0 = Debug|Any CPU
		{AF987380-DFBD-4180-B9F7-D1D7D2FCF0DA}.Release|Any CPU.ActiveCfg = Release|Any CPU
		{AF987380-DFBD-4180-B9F7-D1D7D2FCF0DA}.Release|Any CPU.Build.0 = Release|Any CPU
	EndGlobalSection
	GlobalSection(SolutionProperties) = preSolution
		HideSolutionNode = FALSE
	EndGlobalSection
	GlobalSection(ExtensibilityGlobals) = postSolution
		SolutionGuid = {26EFCC4C-EF5B-4DAD-862D-66A503B21949}
	EndGlobalSection
EndGlobal
