
Microsoft Visual Studio Solution File, Format Version 12.00
# Visual Studio Version 17
VisualStudioVersion = 17.5.33627.172
MinimumVisualStudioVersion = 10.0.40219.1
Project("{F184B08F-C81C-45F6-A57F-5ABD9991F28F}") = "file_handling_api", "file_handling_api.vbproj", "{AF108C40-75C5-4378-AE4D-BCE3FC75745B}"
EndProject
Project("{F184B08F-C81C-45F6-A57F-5ABD9991F28F}") = "ConsoleApp1", "..\ConsoleApp1\ConsoleApp1.vbproj", "{4FF0F383-AAB5-497E-8343-623BB3838786}"
EndProject
Global
	GlobalSection(SolutionConfigurationPlatforms) = preSolution
		Debug|Any CPU = Debug|Any CPU
		Release|Any CPU = Release|Any CPU
	EndGlobalSection
	GlobalSection(ProjectConfigurationPlatforms) = postSolution
		{AF108C40-75C5-4378-AE4D-BCE3FC75745B}.Debug|Any CPU.ActiveCfg = Debug|Any CPU
		{AF108C40-75C5-4378-AE4D-BCE3FC75745B}.Debug|Any CPU.Build.0 = Debug|Any CPU
		{AF108C40-75C5-4378-AE4D-BCE3FC75745B}.Release|Any CPU.ActiveCfg = Release|Any CPU
		{AF108C40-75C5-4378-AE4D-BCE3FC75745B}.Release|Any CPU.Build.0 = Release|Any CPU
		{4FF0F383-AAB5-497E-8343-623BB3838786}.Debug|Any CPU.ActiveCfg = Debug|Any CPU
		{4FF0F383-AAB5-497E-8343-623BB3838786}.Debug|Any CPU.Build.0 = Debug|Any CPU
		{4FF0F383-AAB5-497E-8343-623BB3838786}.Release|Any CPU.ActiveCfg = Release|Any CPU
		{4FF0F383-AAB5-497E-8343-623BB3838786}.Release|Any CPU.Build.0 = Release|Any CPU
	EndGlobalSection
	GlobalSection(SolutionProperties) = preSolution
		HideSolutionNode = FALSE
	EndGlobalSection
	GlobalSection(ExtensibilityGlobals) = postSolution
		SolutionGuid = {D4617194-B86D-4A23-BDA5-1AE4D6393CB9}
	EndGlobalSection
EndGlobal
