
Microsoft Visual Studio Solution File, Format Version 12.00
# Visual Studio Version 17
VisualStudioVersion = 17.5.33627.172
MinimumVisualStudioVersion = 10.0.40219.1
Project("{FAE04EC0-301F-11D3-BF4B-00C04F79EFBC}") = "ConsoleApp1", "ConsoleApp1.csproj", "{628E5F59-C455-491A-99E8-A69778927B80}"
EndProject
Global
	GlobalSection(SolutionConfigurationPlatforms) = preSolution
		Debug|Any CPU = Debug|Any CPU
		Release|Any CPU = Release|Any CPU
	EndGlobalSection
	GlobalSection(ProjectConfigurationPlatforms) = postSolution
		{628E5F59-C455-491A-99E8-A69778927B80}.Debug|Any CPU.ActiveCfg = Debug|Any CPU
		{628E5F59-C455-491A-99E8-A69778927B80}.Debug|Any CPU.Build.0 = Debug|Any CPU
		{628E5F59-C455-491A-99E8-A69778927B80}.Release|Any CPU.ActiveCfg = Release|Any CPU
		{628E5F59-C455-491A-99E8-A69778927B80}.Release|Any CPU.Build.0 = Release|Any CPU
	EndGlobalSection
	GlobalSection(SolutionProperties) = preSolution
		HideSolutionNode = FALSE
	EndGlobalSection
	GlobalSection(ExtensibilityGlobals) = postSolution
		SolutionGuid = {72E95D65-C54A-4FB2-BBA7-0899857DFCCA}
	EndGlobalSection
EndGlobal
